// !$*UTF8*$!
{
	archiveVersion = 1;
	classes = {
	};
	objectVersion = 46;
	objects = {

/* Begin PBXBuildFile section */
		150535651C6ADEA300BFFEA4 /* AppDelegate.swift in Sources */ = {isa = PBXBuildFile; fileRef = 150535641C6ADEA300BFFEA4 /* AppDelegate.swift */; };
		150535671C6ADEA300BFFEA4 /* PhotosViewController.swift in Sources */ = {isa = PBXBuildFile; fileRef = 150535661C6ADEA300BFFEA4 /* PhotosViewController.swift */; };
		1505356A1C6ADEA300BFFEA4 /* Main.storyboard in Resources */ = {isa = PBXBuildFile; fileRef = 150535681C6ADEA300BFFEA4 /* Main.storyboard */; };
		1505356C1C6ADEA300BFFEA4 /* Assets.xcassets in Resources */ = {isa = PBXBuildFile; fileRef = 1505356B1C6ADEA300BFFEA4 /* Assets.xcassets */; };
		1505356F1C6ADEA300BFFEA4 /* LaunchScreen.storyboard in Resources */ = {isa = PBXBuildFile; fileRef = 1505356D1C6ADEA300BFFEA4 /* LaunchScreen.storyboard */; };
		150535791C6ADF4000BFFEA4 /* LoginViewController.swift in Sources */ = {isa = PBXBuildFile; fileRef = 150535781C6ADF4000BFFEA4 /* LoginViewController.swift */; };
		150923411C81EAD100439F1C /* SignupViewController.swift in Sources */ = {isa = PBXBuildFile; fileRef = 150923401C81EAD100439F1C /* SignupViewController.swift */; };
		153833C11C79067F00E94DD0 /* WebImage.framework in Frameworks */ = {isa = PBXBuildFile; fileRef = 153833C01C79067F00E94DD0 /* WebImage.framework */; };
		156259FA1C78F460001611A3 /* PhotoCell.swift in Sources */ = {isa = PBXBuildFile; fileRef = 156259F91C78F460001611A3 /* PhotoCell.swift */; };
		156259FD1C78FAFA001611A3 /* StoryboardUtil.swift in Sources */ = {isa = PBXBuildFile; fileRef = 156259FC1C78FAFA001611A3 /* StoryboardUtil.swift */; };
		1592C5221C6C29D900C44EC1 /* JSONObjectSerializable.swift in Sources */ = {isa = PBXBuildFile; fileRef = 1592C5211C6C29D900C44EC1 /* JSONObjectSerializable.swift */; };
		1592C5241C6C2B9000C44EC1 /* AlamofireRequest+JSONSerializable.swift in Sources */ = {isa = PBXBuildFile; fileRef = 1592C5231C6C2B9000C44EC1 /* AlamofireRequest+JSONSerializable.swift */; };
		15D429E31C79118400CC5BBF /* NewPhotoViewController.swift in Sources */ = {isa = PBXBuildFile; fileRef = 15D429E21C79118400CC5BBF /* NewPhotoViewController.swift */; };
		15D429E51C7BA22300CC5BBF /* UICollorExtensions.swift in Sources */ = {isa = PBXBuildFile; fileRef = 15D429E41C7BA22300CC5BBF /* UICollorExtensions.swift */; };
		15DFC1DE1C6AEA7C00808C94 /* Alamofire.framework in Frameworks */ = {isa = PBXBuildFile; fileRef = 15DFC1DC1C6AEA7C00808C94 /* Alamofire.framework */; };
		15DFC1DF1C6AEA7C00808C94 /* SwiftyJSON.framework in Frameworks */ = {isa = PBXBuildFile; fileRef = 15DFC1DD1C6AEA7C00808C94 /* SwiftyJSON.framework */; };
		15DFC1E41C6AEBED00808C94 /* Photo.swift in Sources */ = {isa = PBXBuildFile; fileRef = 15DFC1E31C6AEBED00808C94 /* Photo.swift */; };
		15DFC1E71C6AEEAC00808C94 /* APIService.swift in Sources */ = {isa = PBXBuildFile; fileRef = 15DFC1E61C6AEEAC00808C94 /* APIService.swift */; };
		15DFC1E91C6AF5B900808C94 /* Router.swift in Sources */ = {isa = PBXBuildFile; fileRef = 15DFC1E81C6AF5B900808C94 /* Router.swift */; };
/* End PBXBuildFile section */

/* Begin PBXFileReference section */
		150535611C6ADEA300BFFEA4 /* iosapp.app */ = {isa = PBXFileReference; explicitFileType = wrapper.application; includeInIndex = 0; path = iosapp.app; sourceTree = BUILT_PRODUCTS_DIR; };
		150535641C6ADEA300BFFEA4 /* AppDelegate.swift */ = {isa = PBXFileReference; lastKnownFileType = sourcecode.swift; path = AppDelegate.swift; sourceTree = "<group>"; };
		150535661C6ADEA300BFFEA4 /* PhotosViewController.swift */ = {isa = PBXFileReference; lastKnownFileType = sourcecode.swift; path = PhotosViewController.swift; sourceTree = "<group>"; };
		150535691C6ADEA300BFFEA4 /* Base */ = {isa = PBXFileReference; lastKnownFileType = file.storyboard; name = Base; path = Base.lproj/Main.storyboard; sourceTree = "<group>"; };
		1505356B1C6ADEA300BFFEA4 /* Assets.xcassets */ = {isa = PBXFileReference; lastKnownFileType = folder.assetcatalog; path = Assets.xcassets; sourceTree = "<group>"; };
		1505356E1C6ADEA300BFFEA4 /* Base */ = {isa = PBXFileReference; lastKnownFileType = file.storyboard; name = Base; path = Base.lproj/LaunchScreen.storyboard; sourceTree = "<group>"; };
		150535701C6ADEA300BFFEA4 /* Info.plist */ = {isa = PBXFileReference; lastKnownFileType = text.plist.xml; path = Info.plist; sourceTree = "<group>"; };
		150535781C6ADF4000BFFEA4 /* LoginViewController.swift */ = {isa = PBXFileReference; fileEncoding = 4; lastKnownFileType = sourcecode.swift; path = LoginViewController.swift; sourceTree = "<group>"; };
		150923401C81EAD100439F1C /* SignupViewController.swift */ = {isa = PBXFileReference; fileEncoding = 4; lastKnownFileType = sourcecode.swift; path = SignupViewController.swift; sourceTree = "<group>"; };
		153833BD1C7905A800E94DD0 /* iosapp-Bridging-Header.h */ = {isa = PBXFileReference; lastKnownFileType = sourcecode.c.h; path = "iosapp-Bridging-Header.h"; sourceTree = "<group>"; };
		153833C01C79067F00E94DD0 /* WebImage.framework */ = {isa = PBXFileReference; lastKnownFileType = wrapper.framework; name = WebImage.framework; path = ../Carthage/Build/iOS/WebImage.framework; sourceTree = "<group>"; };
		156259F91C78F460001611A3 /* PhotoCell.swift */ = {isa = PBXFileReference; fileEncoding = 4; lastKnownFileType = sourcecode.swift; path = PhotoCell.swift; sourceTree = "<group>"; };
		156259FC1C78FAFA001611A3 /* StoryboardUtil.swift */ = {isa = PBXFileReference; fileEncoding = 4; lastKnownFileType = sourcecode.swift; path = StoryboardUtil.swift; sourceTree = "<group>"; };
		1592C5211C6C29D900C44EC1 /* JSONObjectSerializable.swift */ = {isa = PBXFileReference; fileEncoding = 4; lastKnownFileType = sourcecode.swift; path = JSONObjectSerializable.swift; sourceTree = "<group>"; };
		1592C5231C6C2B9000C44EC1 /* AlamofireRequest+JSONSerializable.swift */ = {isa = PBXFileReference; fileEncoding = 4; lastKnownFileType = sourcecode.swift; path = "AlamofireRequest+JSONSerializable.swift"; sourceTree = "<group>"; };
		15D429E21C79118400CC5BBF /* NewPhotoViewController.swift */ = {isa = PBXFileReference; fileEncoding = 4; lastKnownFileType = sourcecode.swift; path = NewPhotoViewController.swift; sourceTree = "<group>"; };
		15D429E41C7BA22300CC5BBF /* UICollorExtensions.swift */ = {isa = PBXFileReference; fileEncoding = 4; lastKnownFileType = sourcecode.swift; path = UICollorExtensions.swift; sourceTree = "<group>"; };
		15DFC1DC1C6AEA7C00808C94 /* Alamofire.framework */ = {isa = PBXFileReference; lastKnownFileType = wrapper.framework; name = Alamofire.framework; path = ../Carthage/Build/iOS/Alamofire.framework; sourceTree = "<group>"; };
		15DFC1DD1C6AEA7C00808C94 /* SwiftyJSON.framework */ = {isa = PBXFileReference; lastKnownFileType = wrapper.framework; name = SwiftyJSON.framework; path = ../Carthage/Build/iOS/SwiftyJSON.framework; sourceTree = "<group>"; };
		15DFC1E31C6AEBED00808C94 /* Photo.swift */ = {isa = PBXFileReference; fileEncoding = 4; lastKnownFileType = sourcecode.swift; path = Photo.swift; sourceTree = "<group>"; };
		15DFC1E61C6AEEAC00808C94 /* APIService.swift */ = {isa = PBXFileReference; fileEncoding = 4; lastKnownFileType = sourcecode.swift; path = APIService.swift; sourceTree = "<group>"; };
		15DFC1E81C6AF5B900808C94 /* Router.swift */ = {isa = PBXFileReference; fileEncoding = 4; lastKnownFileType = sourcecode.swift; path = Router.swift; sourceTree = "<group>"; };
/* End PBXFileReference section */

/* Begin PBXFrameworksBuildPhase section */
		1505355E1C6ADEA300BFFEA4 /* Frameworks */ = {
			isa = PBXFrameworksBuildPhase;
			buildActionMask = 2147483647;
			files = (
				15DFC1DE1C6AEA7C00808C94 /* Alamofire.framework in Frameworks */,
				15DFC1DF1C6AEA7C00808C94 /* SwiftyJSON.framework in Frameworks */,
				153833C11C79067F00E94DD0 /* WebImage.framework in Frameworks */,
			);
			runOnlyForDeploymentPostprocessing = 0;
		};
/* End PBXFrameworksBuildPhase section */

/* Begin PBXGroup section */
		150535581C6ADEA300BFFEA4 = {
			isa = PBXGroup;
			children = (
				150535631C6ADEA300BFFEA4 /* iosapp */,
				150535621C6ADEA300BFFEA4 /* Products */,
			);
			sourceTree = "<group>";
		};
		150535621C6ADEA300BFFEA4 /* Products */ = {
			isa = PBXGroup;
			children = (
				150535611C6ADEA300BFFEA4 /* iosapp.app */,
			);
			name = Products;
			sourceTree = "<group>";
		};
		150535631C6ADEA300BFFEA4 /* iosapp */ = {
			isa = PBXGroup;
			children = (
				156259FB1C78FAE1001611A3 /* Util */,
				156259F81C78F452001611A3 /* CustomCell */,
				1592C5201C6C29AA00C44EC1 /* Protocol */,
				1592C51F1C6C299E00C44EC1 /* Extension */,
				15DFC1E51C6AEE8C00808C94 /* Service */,
				15DFC1E21C6AEBDE00808C94 /* Model */,
				150535771C6ADF1A00BFFEA4 /* Controller */,
				150535641C6ADEA300BFFEA4 /* AppDelegate.swift */,
				150535681C6ADEA300BFFEA4 /* Main.storyboard */,
				15DFC1E11C6AEB7900808C94 /* libs */,
				1505356B1C6ADEA300BFFEA4 /* Assets.xcassets */,
				1505356D1C6ADEA300BFFEA4 /* LaunchScreen.storyboard */,
				150535701C6ADEA300BFFEA4 /* Info.plist */,
				153833BD1C7905A800E94DD0 /* iosapp-Bridging-Header.h */,
			);
			path = iosapp;
			sourceTree = "<group>";
		};
		150535771C6ADF1A00BFFEA4 /* Controller */ = {
			isa = PBXGroup;
			children = (
				150535661C6ADEA300BFFEA4 /* PhotosViewController.swift */,
				150535781C6ADF4000BFFEA4 /* LoginViewController.swift */,
				15D429E21C79118400CC5BBF /* NewPhotoViewController.swift */,
				150923401C81EAD100439F1C /* SignupViewController.swift */,
			);
			name = Controller;
			sourceTree = "<group>";
		};
		156259F81C78F452001611A3 /* CustomCell */ = {
			isa = PBXGroup;
			children = (
				156259F91C78F460001611A3 /* PhotoCell.swift */,
			);
			name = CustomCell;
			sourceTree = "<group>";
		};
		156259FB1C78FAE1001611A3 /* Util */ = {
			isa = PBXGroup;
			children = (
				156259FC1C78FAFA001611A3 /* StoryboardUtil.swift */,
			);
			name = Util;
			sourceTree = "<group>";
		};
		1592C51F1C6C299E00C44EC1 /* Extension */ = {
			isa = PBXGroup;
			children = (
				1592C5231C6C2B9000C44EC1 /* AlamofireRequest+JSONSerializable.swift */,
				15D429E41C7BA22300CC5BBF /* UICollorExtensions.swift */,
			);
			name = Extension;
			sourceTree = "<group>";
		};
		1592C5201C6C29AA00C44EC1 /* Protocol */ = {
			isa = PBXGroup;
			children = (
				1592C5211C6C29D900C44EC1 /* JSONObjectSerializable.swift */,
			);
			name = Protocol;
			sourceTree = "<group>";
		};
		15DFC1E11C6AEB7900808C94 /* libs */ = {
			isa = PBXGroup;
			children = (
				153833C01C79067F00E94DD0 /* WebImage.framework */,
				15DFC1DC1C6AEA7C00808C94 /* Alamofire.framework */,
				15DFC1DD1C6AEA7C00808C94 /* SwiftyJSON.framework */,
			);
			name = libs;
			sourceTree = "<group>";
		};
		15DFC1E21C6AEBDE00808C94 /* Model */ = {
			isa = PBXGroup;
			children = (
				15DFC1E31C6AEBED00808C94 /* Photo.swift */,
			);
			name = Model;
			sourceTree = "<group>";
		};
		15DFC1E51C6AEE8C00808C94 /* Service */ = {
			isa = PBXGroup;
			children = (
				15DFC1E61C6AEEAC00808C94 /* APIService.swift */,
				15DFC1E81C6AF5B900808C94 /* Router.swift */,
			);
			name = Service;
			sourceTree = "<group>";
		};
/* End PBXGroup section */

/* Begin PBXNativeTarget section */
		150535601C6ADEA300BFFEA4 /* iosapp */ = {
			isa = PBXNativeTarget;
			buildConfigurationList = 150535731C6ADEA300BFFEA4 /* Build configuration list for PBXNativeTarget "iosapp" */;
			buildPhases = (
				1505355D1C6ADEA300BFFEA4 /* Sources */,
				1505355E1C6ADEA300BFFEA4 /* Frameworks */,
				1505355F1C6ADEA300BFFEA4 /* Resources */,
				15DFC1E01C6AEB3200808C94 /* ShellScript */,
			);
			buildRules = (
			);
			dependencies = (
			);
			name = iosapp;
			productName = iosapp;
			productReference = 150535611C6ADEA300BFFEA4 /* iosapp.app */;
			productType = "com.apple.product-type.application";
		};
/* End PBXNativeTarget section */

/* Begin PBXProject section */
		150535591C6ADEA300BFFEA4 /* Project object */ = {
			isa = PBXProject;
			attributes = {
				LastSwiftUpdateCheck = 0720;
				LastUpgradeCheck = 0720;
				ORGANIZATIONNAME = brunopaulino;
				TargetAttributes = {
					150535601C6ADEA300BFFEA4 = {
						CreatedOnToolsVersion = 7.2.1;
					};
				};
			};
			buildConfigurationList = 1505355C1C6ADEA300BFFEA4 /* Build configuration list for PBXProject "iosapp" */;
			compatibilityVersion = "Xcode 3.2";
			developmentRegion = English;
			hasScannedForEncodings = 0;
			knownRegions = (
				en,
				Base,
			);
			mainGroup = 150535581C6ADEA300BFFEA4;
			productRefGroup = 150535621C6ADEA300BFFEA4 /* Products */;
			projectDirPath = "";
			projectRoot = "";
			targets = (
				150535601C6ADEA300BFFEA4 /* iosapp */,
			);
		};
/* End PBXProject section */

/* Begin PBXResourcesBuildPhase section */
		1505355F1C6ADEA300BFFEA4 /* Resources */ = {
			isa = PBXResourcesBuildPhase;
			buildActionMask = 2147483647;
			files = (
				1505356F1C6ADEA300BFFEA4 /* LaunchScreen.storyboard in Resources */,
				1505356C1C6ADEA300BFFEA4 /* Assets.xcassets in Resources */,
				1505356A1C6ADEA300BFFEA4 /* Main.storyboard in Resources */,
			);
			runOnlyForDeploymentPostprocessing = 0;
		};
/* End PBXResourcesBuildPhase section */

/* Begin PBXShellScriptBuildPhase section */
		15DFC1E01C6AEB3200808C94 /* ShellScript */ = {
			isa = PBXShellScriptBuildPhase;
			buildActionMask = 2147483647;
			files = (
			);
			inputPaths = (
				"$(SRCROOT)/Carthage/Build/iOS/Alamofire.framework",
				"$(SRCROOT)/Carthage/Build/iOS/SwiftyJSON.framework",
				"$(SRCROOT)/Carthage/Build/iOS/WebImage.framework",
			);
			outputPaths = (
			);
			runOnlyForDeploymentPostprocessing = 0;
			shellPath = /bin/sh;
			shellScript = "/usr/local/bin/carthage copy-frameworks";
		};
/* End PBXShellScriptBuildPhase section */

/* Begin PBXSourcesBuildPhase section */
		1505355D1C6ADEA300BFFEA4 /* Sources */ = {
			isa = PBXSourcesBuildPhase;
			buildActionMask = 2147483647;
			files = (
				15DFC1E41C6AEBED00808C94 /* Photo.swift in Sources */,
				15D429E31C79118400CC5BBF /* NewPhotoViewController.swift in Sources */,
				156259FA1C78F460001611A3 /* PhotoCell.swift in Sources */,
				156259FD1C78FAFA001611A3 /* StoryboardUtil.swift in Sources */,
				15D429E51C7BA22300CC5BBF /* UICollorExtensions.swift in Sources */,
				15DFC1E71C6AEEAC00808C94 /* APIService.swift in Sources */,
				150535791C6ADF4000BFFEA4 /* LoginViewController.swift in Sources */,
				150535671C6ADEA300BFFEA4 /* PhotosViewController.swift in Sources */,
				1592C5221C6C29D900C44EC1 /* JSONObjectSerializable.swift in Sources */,
				150923411C81EAD100439F1C /* SignupViewController.swift in Sources */,
				15DFC1E91C6AF5B900808C94 /* Router.swift in Sources */,
				150535651C6ADEA300BFFEA4 /* AppDelegate.swift in Sources */,
				1592C5241C6C2B9000C44EC1 /* AlamofireRequest+JSONSerializable.swift in Sources */,
			);
			runOnlyForDeploymentPostprocessing = 0;
		};
/* End PBXSourcesBuildPhase section */

/* Begin PBXVariantGroup section */
		150535681C6ADEA300BFFEA4 /* Main.storyboard */ = {
			isa = PBXVariantGroup;
			children = (
				150535691C6ADEA300BFFEA4 /* Base */,
			);
			name = Main.storyboard;
			sourceTree = "<group>";
		};
		1505356D1C6ADEA300BFFEA4 /* LaunchScreen.storyboard */ = {
			isa = PBXVariantGroup;
			children = (
				1505356E1C6ADEA300BFFEA4 /* Base */,
			);
			name = LaunchScreen.storyboard;
			sourceTree = "<group>";
		};
/* End PBXVariantGroup section */

/* Begin XCBuildConfiguration section */
		150535711C6ADEA300BFFEA4 /* Debug */ = {
			isa = XCBuildConfiguration;
			buildSettings = {
				ALWAYS_SEARCH_USER_PATHS = NO;
				CLANG_CXX_LANGUAGE_STANDARD = "gnu++0x";
				CLANG_CXX_LIBRARY = "libc++";
				CLANG_ENABLE_MODULES = YES;
				CLANG_ENABLE_OBJC_ARC = YES;
				CLANG_WARN_BOOL_CONVERSION = YES;
				CLANG_WARN_CONSTANT_CONVERSION = YES;
				CLANG_WARN_DIRECT_OBJC_ISA_USAGE = YES_ERROR;
				CLANG_WARN_EMPTY_BODY = YES;
				CLANG_WARN_ENUM_CONVERSION = YES;
				CLANG_WARN_INT_CONVERSION = YES;
				CLANG_WARN_OBJC_ROOT_CLASS = YES_ERROR;
				CLANG_WARN_UNREACHABLE_CODE = YES;
				CLANG_WARN__DUPLICATE_METHOD_MATCH = YES;
				"CODE_SIGN_IDENTITY[sdk=iphoneos*]" = "iPhone Developer";
				COPY_PHASE_STRIP = NO;
				DEBUG_INFORMATION_FORMAT = dwarf;
				ENABLE_STRICT_OBJC_MSGSEND = YES;
				ENABLE_TESTABILITY = YES;
				GCC_C_LANGUAGE_STANDARD = gnu99;
				GCC_DYNAMIC_NO_PIC = NO;
				GCC_NO_COMMON_BLOCKS = YES;
				GCC_OPTIMIZATION_LEVEL = 0;
				GCC_PREPROCESSOR_DEFINITIONS = (
					"DEBUG=1",
					"$(inherited)",
				);
				GCC_WARN_64_TO_32_BIT_CONVERSION = YES;
				GCC_WARN_ABOUT_RETURN_TYPE = YES_ERROR;
				GCC_WARN_UNDECLARED_SELECTOR = YES;
				GCC_WARN_UNINITIALIZED_AUTOS = YES_AGGRESSIVE;
				GCC_WARN_UNUSED_FUNCTION = YES;
				GCC_WARN_UNUSED_VARIABLE = YES;
				IPHONEOS_DEPLOYMENT_TARGET = 9.2;
				MTL_ENABLE_DEBUG_INFO = YES;
				ONLY_ACTIVE_ARCH = YES;
				SDKROOT = iphoneos;
				SWIFT_OPTIMIZATION_LEVEL = "-Onone";
				TARGETED_DEVICE_FAMILY = "1,2";
			};
			name = Debug;
		};
		150535721C6ADEA300BFFEA4 /* Release */ = {
			isa = XCBuildConfiguration;
			buildSettings = {
				ALWAYS_SEARCH_USER_PATHS = NO;
				CLANG_CXX_LANGUAGE_STANDARD = "gnu++0x";
				CLANG_CXX_LIBRARY = "libc++";
				CLANG_ENABLE_MODULES = YES;
				CLANG_ENABLE_OBJC_ARC = YES;
				CLANG_WARN_BOOL_CONVERSION = YES;
				CLANG_WARN_CONSTANT_CONVERSION = YES;
				CLANG_WARN_DIRECT_OBJC_ISA_USAGE = YES_ERROR;
				CLANG_WARN_EMPTY_BODY = YES;
				CLANG_WARN_ENUM_CONVERSION = YES;
				CLANG_WARN_INT_CONVERSION = YES;
				CLANG_WARN_OBJC_ROOT_CLASS = YES_ERROR;
				CLANG_WARN_UNREACHABLE_CODE = YES;
				CLANG_WARN__DUPLICATE_METHOD_MATCH = YES;
				"CODE_SIGN_IDENTITY[sdk=iphoneos*]" = "iPhone Developer";
				COPY_PHASE_STRIP = NO;
				DEBUG_INFORMATION_FORMAT = "dwarf-with-dsym";
				ENABLE_NS_ASSERTIONS = NO;
				ENABLE_STRICT_OBJC_MSGSEND = YES;
				GCC_C_LANGUAGE_STANDARD = gnu99;
				GCC_NO_COMMON_BLOCKS = YES;
				GCC_WARN_64_TO_32_BIT_CONVERSION = YES;
				GCC_WARN_ABOUT_RETURN_TYPE = YES_ERROR;
				GCC_WARN_UNDECLARED_SELECTOR = YES;
				GCC_WARN_UNINITIALIZED_AUTOS = YES_AGGRESSIVE;
				GCC_WARN_UNUSED_FUNCTION = YES;
				GCC_WARN_UNUSED_VARIABLE = YES;
				IPHONEOS_DEPLOYMENT_TARGET = 9.2;
				MTL_ENABLE_DEBUG_INFO = NO;
				SDKROOT = iphoneos;
				TARGETED_DEVICE_FAMILY = "1,2";
				VALIDATE_PRODUCT = YES;
			};
			name = Release;
		};
		150535741C6ADEA300BFFEA4 /* Debug */ = {
			isa = XCBuildConfiguration;
			buildSettings = {
				ASSETCATALOG_COMPILER_APPICON_NAME = AppIcon;
				CLANG_ENABLE_MODULES = YES;
				FRAMEWORK_SEARCH_PATHS = (
					"$(inherited)",
					"$(PROJECT_DIR)/Carthage/Build/iOS",
				);
				INFOPLIST_FILE = iosapp/Info.plist;
				LD_RUNPATH_SEARCH_PATHS = "$(inherited) @executable_path/Frameworks";
				PRODUCT_BUNDLE_IDENTIFIER = br.com.brunopaulino.iosapp;
				PRODUCT_NAME = "$(TARGET_NAME)";
				SWIFT_OBJC_BRIDGING_HEADER = "iosapp/iosapp-Bridging-Header.h";
				SWIFT_OPTIMIZATION_LEVEL = "-Onone";
			};
			name = Debug;
		};
		150535751C6ADEA300BFFEA4 /* Release */ = {
			isa = XCBuildConfiguration;
			buildSettings = {
				ASSETCATALOG_COMPILER_APPICON_NAME = AppIcon;
				CLANG_ENABLE_MODULES = YES;
				FRAMEWORK_SEARCH_PATHS = (
					"$(inherited)",
					"$(PROJECT_DIR)/Carthage/Build/iOS",
				);
				INFOPLIST_FILE = iosapp/Info.plist;
				LD_RUNPATH_SEARCH_PATHS = "$(inherited) @executable_path/Frameworks";
				PRODUCT_BUNDLE_IDENTIFIER = br.com.brunopaulino.iosapp;
				PRODUCT_NAME = "$(TARGET_NAME)";
				SWIFT_OBJC_BRIDGING_HEADER = "iosapp/iosapp-Bridging-Header.h";
			};
			name = Release;
		};
/* End XCBuildConfiguration section */

/* Begin XCConfigurationList section */
		1505355C1C6ADEA300BFFEA4 /* Build configuration list for PBXProject "iosapp" */ = {
			isa = XCConfigurationList;
			buildConfigurations = (
				150535711C6ADEA300BFFEA4 /* Debug */,
				150535721C6ADEA300BFFEA4 /* Release */,
			);
			defaultConfigurationIsVisible = 0;
			defaultConfigurationName = Release;
		};
		150535731C6ADEA300BFFEA4 /* Build configuration list for PBXNativeTarget "iosapp" */ = {
			isa = XCConfigurationList;
			buildConfigurations = (
				150535741C6ADEA300BFFEA4 /* Debug */,
				150535751C6ADEA300BFFEA4 /* Release */,
			);
			defaultConfigurationIsVisible = 0;
			defaultConfigurationName = Release;
		};
/* End XCConfigurationList section */
	};
	rootObject = 150535591C6ADEA300BFFEA4 /* Project object */;
}
